
Microsoft Visual Studio Solution File, Format Version 12.00
# Visual Studio Version 17
VisualStudioVersion = 17.8.34525.116
MinimumVisualStudioVersion = 10.0.40219.1
Project("{9A19103F-16F7-4668-BE54-9A1E7A4F7556}") = "IndexExample", "IndexExample\IndexExample.csproj", "{A6F4E664-1B16-42E7-A77E-944EAC137EBE}"
EndProject
Project("{FAE04EC0-301F-11D3-BF4B-00C04F79EFBC}") = "customer test", "customer test\customer test.csproj", "{BBAB50FB-83B4-4B00-9096-021ACEA07FF1}"
EndProject
Global
	GlobalSection(SolutionConfigurationPlatforms) = preSolution
		Debug|Any CPU = Debug|Any CPU
		Release|Any CPU = Release|Any CPU
	EndGlobalSection
	GlobalSection(ProjectConfigurationPlatforms) = postSolution
		{A6F4E664-1B16-42E7-A77E-944EAC137EBE}.Debug|Any CPU.ActiveCfg = Debug|Any CPU
		{A6F4E664-1B16-42E7-A77E-944EAC137EBE}.Debug|Any CPU.Build.0 = Debug|Any CPU
		{A6F4E664-1B16-42E7-A77E-944EAC137EBE}.Release|Any CPU.ActiveCfg = Release|Any CPU
		{A6F4E664-1B16-42E7-A77E-944EAC137EBE}.Release|Any CPU.Build.0 = Release|Any CPU
		{BBAB50FB-83B4-4B00-9096-021ACEA07FF1}.Debug|Any CPU.ActiveCfg = Debug|Any CPU
		{BBAB50FB-83B4-4B00-9096-021ACEA07FF1}.Debug|Any CPU.Build.0 = Debug|Any CPU
		{BBAB50FB-83B4-4B00-9096-021ACEA07FF1}.Release|Any CPU.ActiveCfg = Release|Any CPU
		{BBAB50FB-83B4-4B00-9096-021ACEA07FF1}.Release|Any CPU.Build.0 = Release|Any CPU
	EndGlobalSection
	GlobalSection(SolutionProperties) = preSolution
		HideSolutionNode = FALSE
	EndGlobalSection
	GlobalSection(ExtensibilityGlobals) = postSolution
		SolutionGuid = {940C2B43-62D2-4990-B38B-1243A639C52D}
	EndGlobalSection
EndGlobal
